
Microsoft Visual Studio Solution File, Format Version 12.00
Project("{FAE04EC0-301F-11D3-BF4B-00C04F79EFBC}") = "task-cli", "task-cli\task-cli.csproj", "{AD3F96CA-854E-4043-83B9-761D0D62F7C0}"
EndProject
Global
	GlobalSection(SolutionConfigurationPlatforms) = preSolution
		Debug|Any CPU = Debug|Any CPU
		Release|Any CPU = Release|Any CPU
	EndGlobalSection
	GlobalSection(ProjectConfigurationPlatforms) = postSolution
		{AD3F96CA-854E-4043-83B9-761D0D62F7C0}.Debug|Any CPU.ActiveCfg = Debug|Any CPU
		{AD3F96CA-854E-4043-83B9-761D0D62F7C0}.Debug|Any CPU.Build.0 = Debug|Any CPU
		{AD3F96CA-854E-4043-83B9-761D0D62F7C0}.Release|Any CPU.ActiveCfg = Release|Any CPU
		{AD3F96CA-854E-4043-83B9-761D0D62F7C0}.Release|Any CPU.Build.0 = Release|Any CPU
	EndGlobalSection
EndGlobal
